
Microsoft Visual Studio Solution File, Format Version 12.00
# Visual Studio Version 17
VisualStudioVersion = 17.1.32228.430
MinimumVisualStudioVersion = 10.0.40219.1
Project("{FAE04EC0-301F-11D3-BF4B-00C04F79EFBC}") = "Agencia", "Agencia\Agencia.csproj", "{364E67C4-3EFD-4903-BABD-0BEA2F46E9F3}"
EndProject
Global
	GlobalSection(SolutionConfigurationPlatforms) = preSolution
		Debug|Any CPU = Debug|Any CPU
		Release|Any CPU = Release|Any CPU
	EndGlobalSection
	GlobalSection(ProjectConfigurationPlatforms) = postSolution
		{364E67C4-3EFD-4903-BABD-0BEA2F46E9F3}.Debug|Any CPU.ActiveCfg = Debug|Any CPU
		{364E67C4-3EFD-4903-BABD-0BEA2F46E9F3}.Debug|Any CPU.Build.0 = Debug|Any CPU
		{364E67C4-3EFD-4903-BABD-0BEA2F46E9F3}.Release|Any CPU.ActiveCfg = Release|Any CPU
		{364E67C4-3EFD-4903-BABD-0BEA2F46E9F3}.Release|Any CPU.Build.0 = Release|Any CPU
	EndGlobalSection
	GlobalSection(SolutionProperties) = preSolution
		HideSolutionNode = FALSE
	EndGlobalSection
	GlobalSection(ExtensibilityGlobals) = postSolution
		SolutionGuid = {35B329FD-FCFF-4757-A4F7-E04E68CFBD64}
	EndGlobalSection
EndGlobal
